
Microsoft Visual Studio Solution File, Format Version 12.00
# Visual Studio Version 17
VisualStudioVersion = 17.11.35431.28
MinimumVisualStudioVersion = 10.0.40219.1
Project("{FAE04EC0-301F-11D3-BF4B-00C04F79EFBC}") = "Wk4Ex1", "Wk4Ex1.csproj", "{639FB0D5-73DB-4101-BFD4-CF6A33777338}"
EndProject
Global
	GlobalSection(SolutionConfigurationPlatforms) = preSolution
		Debug|Any CPU = Debug|Any CPU
		Release|Any CPU = Release|Any CPU
	EndGlobalSection
	GlobalSection(ProjectConfigurationPlatforms) = postSolution
		{639FB0D5-73DB-4101-BFD4-CF6A33777338}.Debug|Any CPU.ActiveCfg = Debug|Any CPU
		{639FB0D5-73DB-4101-BFD4-CF6A33777338}.Debug|Any CPU.Build.0 = Debug|Any CPU
		{639FB0D5-73DB-4101-BFD4-CF6A33777338}.Release|Any CPU.ActiveCfg = Release|Any CPU
		{639FB0D5-73DB-4101-BFD4-CF6A33777338}.Release|Any CPU.Build.0 = Release|Any CPU
	EndGlobalSection
	GlobalSection(SolutionProperties) = preSolution
		HideSolutionNode = FALSE
	EndGlobalSection
	GlobalSection(ExtensibilityGlobals) = postSolution
		SolutionGuid = {75E4B1D3-850B-408A-B89B-E7548A6EFCC1}
	EndGlobalSection
EndGlobal
